
Microsoft Visual Studio Solution File, Format Version 12.00
# Visual Studio Version 17
VisualStudioVersion = 17.13.35825.156 d17.13
MinimumVisualStudioVersion = 10.0.40219.1
Project("{FAE04EC0-301F-11D3-BF4B-00C04F79EFBC}") = "product_inventory", "product_inventory.csproj", "{05B1D855-414C-4AD4-A243-BCEACA0B107D}"
EndProject
Global
	GlobalSection(SolutionConfigurationPlatforms) = preSolution
		Debug|Any CPU = Debug|Any CPU
		Release|Any CPU = Release|Any CPU
	EndGlobalSection
	GlobalSection(ProjectConfigurationPlatforms) = postSolution
		{05B1D855-414C-4AD4-A243-BCEACA0B107D}.Debug|Any CPU.ActiveCfg = Debug|Any CPU
		{05B1D855-414C-4AD4-A243-BCEACA0B107D}.Debug|Any CPU.Build.0 = Debug|Any CPU
		{05B1D855-414C-4AD4-A243-BCEACA0B107D}.Release|Any CPU.ActiveCfg = Release|Any CPU
		{05B1D855-414C-4AD4-A243-BCEACA0B107D}.Release|Any CPU.Build.0 = Release|Any CPU
	EndGlobalSection
	GlobalSection(SolutionProperties) = preSolution
		HideSolutionNode = FALSE
	EndGlobalSection
	GlobalSection(ExtensibilityGlobals) = postSolution
		SolutionGuid = {1AA80102-D48D-4B4D-A139-EB521285EE4B}
	EndGlobalSection
EndGlobal
